
Microsoft Visual Studio Solution File, Format Version 12.00
# Visual Studio 15
VisualStudioVersion = 15.0.28307.572
MinimumVisualStudioVersion = 10.0.40219.1
Project("{FAE04EC0-301F-11D3-BF4B-00C04F79EFBC}") = "XP.Android", "XP\XP.Android\XP.Android.csproj", "{687A1468-5189-455A-BD8E-290A5A9601A5}"
EndProject
Project("{9A19103F-16F7-4668-BE54-9A1E7A4F7556}") = "XP", "XP\XP\XP.csproj", "{C729E20F-FF26-4886-A261-A0EFB38EE8BD}"
EndProject
Global
	GlobalSection(SolutionConfigurationPlatforms) = preSolution
		Debug|Any CPU = Debug|Any CPU
		Release|Any CPU = Release|Any CPU
	EndGlobalSection
	GlobalSection(ProjectConfigurationPlatforms) = postSolution
		{687A1468-5189-455A-BD8E-290A5A9601A5}.Debug|Any CPU.ActiveCfg = Debug|Any CPU
		{687A1468-5189-455A-BD8E-290A5A9601A5}.Debug|Any CPU.Build.0 = Debug|Any CPU
		{687A1468-5189-455A-BD8E-290A5A9601A5}.Debug|Any CPU.Deploy.0 = Debug|Any CPU
		{687A1468-5189-455A-BD8E-290A5A9601A5}.Release|Any CPU.ActiveCfg = Release|Any CPU
		{687A1468-5189-455A-BD8E-290A5A9601A5}.Release|Any CPU.Build.0 = Release|Any CPU
		{687A1468-5189-455A-BD8E-290A5A9601A5}.Release|Any CPU.Deploy.0 = Release|Any CPU
		{C729E20F-FF26-4886-A261-A0EFB38EE8BD}.Debug|Any CPU.ActiveCfg = Debug|Any CPU
		{C729E20F-FF26-4886-A261-A0EFB38EE8BD}.Debug|Any CPU.Build.0 = Debug|Any CPU
		{C729E20F-FF26-4886-A261-A0EFB38EE8BD}.Debug|Any CPU.Deploy.0 = Debug|Any CPU
		{C729E20F-FF26-4886-A261-A0EFB38EE8BD}.Release|Any CPU.ActiveCfg = Release|Any CPU
		{C729E20F-FF26-4886-A261-A0EFB38EE8BD}.Release|Any CPU.Build.0 = Release|Any CPU
		{C729E20F-FF26-4886-A261-A0EFB38EE8BD}.Release|Any CPU.Deploy.0 = Release|Any CPU
	EndGlobalSection
	GlobalSection(SolutionProperties) = preSolution
		HideSolutionNode = FALSE
	EndGlobalSection
	GlobalSection(ExtensibilityGlobals) = postSolution
		SolutionGuid = {1C65A94B-2C24-4C73-94FA-011B9761E723}
	EndGlobalSection
EndGlobal
